
Microsoft Visual Studio Solution File, Format Version 12.00
# Visual Studio Version 16
VisualStudioVersion = 16.0.32802.440
MinimumVisualStudioVersion = 10.0.40219.1
Project("{00D1A9C2-B5F0-4AF3-8072-F6C62B433612}") = "Compression", "Compression\Compression.sqlproj", "{371D635B-F37D-4A7B-B2B4-46C8689CF70D}"
EndProject
Global
	GlobalSection(SolutionConfigurationPlatforms) = preSolution
		Debug|Any CPU = Debug|Any CPU
		Release|Any CPU = Release|Any CPU
	EndGlobalSection
	GlobalSection(ProjectConfigurationPlatforms) = postSolution
		{371D635B-F37D-4A7B-B2B4-46C8689CF70D}.Debug|Any CPU.ActiveCfg = Debug|Any CPU
		{371D635B-F37D-4A7B-B2B4-46C8689CF70D}.Debug|Any CPU.Build.0 = Debug|Any CPU
		{371D635B-F37D-4A7B-B2B4-46C8689CF70D}.Debug|Any CPU.Deploy.0 = Debug|Any CPU
		{371D635B-F37D-4A7B-B2B4-46C8689CF70D}.Release|Any CPU.ActiveCfg = Release|Any CPU
		{371D635B-F37D-4A7B-B2B4-46C8689CF70D}.Release|Any CPU.Build.0 = Release|Any CPU
		{371D635B-F37D-4A7B-B2B4-46C8689CF70D}.Release|Any CPU.Deploy.0 = Release|Any CPU
	EndGlobalSection
	GlobalSection(SolutionProperties) = preSolution
		HideSolutionNode = FALSE
	EndGlobalSection
	GlobalSection(ExtensibilityGlobals) = postSolution
		SolutionGuid = {4D283CAE-FFC8-426A-B363-5CAD2659A5E5}
	EndGlobalSection
EndGlobal
